
Microsoft Visual Studio Solution File, Format Version 12.00
# Visual Studio Version 17
VisualStudioVersion = 17.1.32328.378
MinimumVisualStudioVersion = 10.0.40219.1
Project("{9A19103F-16F7-4668-BE54-9A1E7A4F7556}") = "FRAMEDRAG.Engine", "Engine\FRAMEDRAG.Engine.csproj", "{79021020-3885-4BF1-9940-1EEAB4D90378}"
EndProject
Project("{9A19103F-16F7-4668-BE54-9A1E7A4F7556}") = "FRAMEDRAG.DVDExample", "FRAMEDRAG.DVDExample\FRAMEDRAG.DVDExample.csproj", "{8523271F-3059-4B9F-829C-7A1C7292B3B4}"
EndProject
Project("{9A19103F-16F7-4668-BE54-9A1E7A4F7556}") = "FRAMEDRAG.UIExample", "FRAMEDRAG.UIExample\FRAMEDRAG.UIExample.csproj", "{EB2BD70A-EDF1-422A-B641-2047D49E91AB}"
EndProject
Project("{2150E333-8FDC-42A3-9474-1A3956D46DE8}") = "Examples", "Examples", "{269CEEB8-6E53-4709-BF31-A6CC172FF05C}"
EndProject
Global
	GlobalSection(SolutionConfigurationPlatforms) = preSolution
		Debug|Any CPU = Debug|Any CPU
		Release|Any CPU = Release|Any CPU
	EndGlobalSection
	GlobalSection(ProjectConfigurationPlatforms) = postSolution
		{79021020-3885-4BF1-9940-1EEAB4D90378}.Debug|Any CPU.ActiveCfg = Debug|Any CPU
		{79021020-3885-4BF1-9940-1EEAB4D90378}.Debug|Any CPU.Build.0 = Debug|Any CPU
		{79021020-3885-4BF1-9940-1EEAB4D90378}.Release|Any CPU.ActiveCfg = Release|Any CPU
		{79021020-3885-4BF1-9940-1EEAB4D90378}.Release|Any CPU.Build.0 = Release|Any CPU
		{8523271F-3059-4B9F-829C-7A1C7292B3B4}.Debug|Any CPU.ActiveCfg = Debug|Any CPU
		{8523271F-3059-4B9F-829C-7A1C7292B3B4}.Debug|Any CPU.Build.0 = Debug|Any CPU
		{8523271F-3059-4B9F-829C-7A1C7292B3B4}.Release|Any CPU.ActiveCfg = Release|Any CPU
		{8523271F-3059-4B9F-829C-7A1C7292B3B4}.Release|Any CPU.Build.0 = Release|Any CPU
		{EB2BD70A-EDF1-422A-B641-2047D49E91AB}.Debug|Any CPU.ActiveCfg = Debug|Any CPU
		{EB2BD70A-EDF1-422A-B641-2047D49E91AB}.Debug|Any CPU.Build.0 = Debug|Any CPU
		{EB2BD70A-EDF1-422A-B641-2047D49E91AB}.Release|Any CPU.ActiveCfg = Release|Any CPU
		{EB2BD70A-EDF1-422A-B641-2047D49E91AB}.Release|Any CPU.Build.0 = Release|Any CPU
	EndGlobalSection
	GlobalSection(SolutionProperties) = preSolution
		HideSolutionNode = FALSE
	EndGlobalSection
	GlobalSection(NestedProjects) = preSolution
		{8523271F-3059-4B9F-829C-7A1C7292B3B4} = {269CEEB8-6E53-4709-BF31-A6CC172FF05C}
		{EB2BD70A-EDF1-422A-B641-2047D49E91AB} = {269CEEB8-6E53-4709-BF31-A6CC172FF05C}
	EndGlobalSection
	GlobalSection(ExtensibilityGlobals) = postSolution
		SolutionGuid = {6D2BF0A8-BA2F-4987-9A12-8C473DC7BBE1}
	EndGlobalSection
EndGlobal
